
Microsoft Visual Studio Solution File, Format Version 12.00
# Visual Studio Version 17
VisualStudioVersion = 17.0.31903.59
MinimumVisualStudioVersion = 10.0.40219.1
Project("{2150E333-8FDC-42A3-9474-1A3956D46DE8}") = "src", "src", "{01665D5A-AB11-4C93-BE50-4DEE9BA41FA4}"
EndProject
Project("{FAE04EC0-301F-11D3-BF4B-00C04F79EFBC}") = "ApiKeyAuthApp", "src\ApiKeyAuthApp\ApiKeyAuthApp.csproj", "{FBC57A4C-2CF0-4A85-8328-A8F67570ACA9}"
EndProject
Project("{FAE04EC0-301F-11D3-BF4B-00C04F79EFBC}") = "BasicAuthApp", "src\BasicAuthApp\BasicAuthApp.csproj", "{C8E79B83-9B62-42AF-9968-954925AFA27D}"
EndProject
Global
	GlobalSection(SolutionConfigurationPlatforms) = preSolution
		Debug|Any CPU = Debug|Any CPU
		Release|Any CPU = Release|Any CPU
	EndGlobalSection
	GlobalSection(SolutionProperties) = preSolution
		HideSolutionNode = FALSE
	EndGlobalSection
	GlobalSection(ProjectConfigurationPlatforms) = postSolution
		{FBC57A4C-2CF0-4A85-8328-A8F67570ACA9}.Debug|Any CPU.ActiveCfg = Debug|Any CPU
		{FBC57A4C-2CF0-4A85-8328-A8F67570ACA9}.Debug|Any CPU.Build.0 = Debug|Any CPU
		{FBC57A4C-2CF0-4A85-8328-A8F67570ACA9}.Release|Any CPU.ActiveCfg = Release|Any CPU
		{FBC57A4C-2CF0-4A85-8328-A8F67570ACA9}.Release|Any CPU.Build.0 = Release|Any CPU
		{C8E79B83-9B62-42AF-9968-954925AFA27D}.Debug|Any CPU.ActiveCfg = Debug|Any CPU
		{C8E79B83-9B62-42AF-9968-954925AFA27D}.Debug|Any CPU.Build.0 = Debug|Any CPU
		{C8E79B83-9B62-42AF-9968-954925AFA27D}.Release|Any CPU.ActiveCfg = Release|Any CPU
		{C8E79B83-9B62-42AF-9968-954925AFA27D}.Release|Any CPU.Build.0 = Release|Any CPU
	EndGlobalSection
	GlobalSection(NestedProjects) = preSolution
		{FBC57A4C-2CF0-4A85-8328-A8F67570ACA9} = {01665D5A-AB11-4C93-BE50-4DEE9BA41FA4}
		{C8E79B83-9B62-42AF-9968-954925AFA27D} = {01665D5A-AB11-4C93-BE50-4DEE9BA41FA4}
	EndGlobalSection
EndGlobal
